// !$*UTF8*$!
{
	archiveVersion = 1;
	classes = {
	};
	objectVersion = 46;
	objects = {

/* Begin PBXBuildFile section */
		F72B831F1D5CAD1F0054AE40 /* DPDraggableButton.swift in Sources */ = {isa = PBXBuildFile; fileRef = F72B831E1D5CAD1F0054AE40 /* DPDraggableButton.swift */; };
		F730EAFD1D59C5980053B5BF /* AppDelegate.swift in Sources */ = {isa = PBXBuildFile; fileRef = F730EAFC1D59C5980053B5BF /* AppDelegate.swift */; };
		F730EAFF1D59C5980053B5BF /* ViewController.swift in Sources */ = {isa = PBXBuildFile; fileRef = F730EAFE1D59C5980053B5BF /* ViewController.swift */; };
		F730EB021D59C5980053B5BF /* Main.storyboard in Resources */ = {isa = PBXBuildFile; fileRef = F730EB001D59C5980053B5BF /* Main.storyboard */; };
		F730EB041D59C5980053B5BF /* Assets.xcassets in Resources */ = {isa = PBXBuildFile; fileRef = F730EB031D59C5980053B5BF /* Assets.xcassets */; };
		F730EB071D59C5980053B5BF /* LaunchScreen.storyboard in Resources */ = {isa = PBXBuildFile; fileRef = F730EB051D59C5980053B5BF /* LaunchScreen.storyboard */; };
/* End PBXBuildFile section */

/* Begin PBXFileReference section */
		F72B831E1D5CAD1F0054AE40 /* DPDraggableButton.swift */ = {isa = PBXFileReference; fileEncoding = 4; lastKnownFileType = sourcecode.swift; path = DPDraggableButton.swift; sourceTree = "<group>"; };
		F730EAF91D59C5980053B5BF /* DPDraggableButtonDemo.app */ = {isa = PBXFileReference; explicitFileType = wrapper.application; includeInIndex = 0; path = DPDraggableButtonDemo.app; sourceTree = BUILT_PRODUCTS_DIR; };
		F730EAFC1D59C5980053B5BF /* AppDelegate.swift */ = {isa = PBXFileReference; lastKnownFileType = sourcecode.swift; path = AppDelegate.swift; sourceTree = "<group>"; };
		F730EAFE1D59C5980053B5BF /* ViewController.swift */ = {isa = PBXFileReference; lastKnownFileType = sourcecode.swift; path = ViewController.swift; sourceTree = "<group>"; };
		F730EB011D59C5980053B5BF /* Base */ = {isa = PBXFileReference; lastKnownFileType = file.storyboard; name = Base; path = Base.lproj/Main.storyboard; sourceTree = "<group>"; };
		F730EB031D59C5980053B5BF /* Assets.xcassets */ = {isa = PBXFileReference; lastKnownFileType = folder.assetcatalog; path = Assets.xcassets; sourceTree = "<group>"; };
		F730EB061D59C5980053B5BF /* Base */ = {isa = PBXFileReference; lastKnownFileType = file.storyboard; name = Base; path = Base.lproj/LaunchScreen.storyboard; sourceTree = "<group>"; };
		F730EB081D59C5980053B5BF /* Info.plist */ = {isa = PBXFileReference; lastKnownFileType = text.plist.xml; path = Info.plist; sourceTree = "<group>"; };
/* End PBXFileReference section */

/* Begin PBXFrameworksBuildPhase section */
		F730EAF61D59C5980053B5BF /* Frameworks */ = {
			isa = PBXFrameworksBuildPhase;
			buildActionMask = 2147483647;
			files = (
			);
			runOnlyForDeploymentPostprocessing = 0;
		};
/* End PBXFrameworksBuildPhase section */

/* Begin PBXGroup section */
		F72B831D1D5CAD1F0054AE40 /* DPDraggableButton */ = {
			isa = PBXGroup;
			children = (
				F72B831E1D5CAD1F0054AE40 /* DPDraggableButton.swift */,
			);
			path = DPDraggableButton;
			sourceTree = "<group>";
		};
		F730EAF01D59C5980053B5BF = {
			isa = PBXGroup;
			children = (
				F730EAFB1D59C5980053B5BF /* DPDraggableButtonDemo */,
				F730EAFA1D59C5980053B5BF /* Products */,
			);
			sourceTree = "<group>";
		};
		F730EAFA1D59C5980053B5BF /* Products */ = {
			isa = PBXGroup;
			children = (
				F730EAF91D59C5980053B5BF /* DPDraggableButtonDemo.app */,
			);
			name = Products;
			sourceTree = "<group>";
		};
		F730EAFB1D59C5980053B5BF /* DPDraggableButtonDemo */ = {
			isa = PBXGroup;
			children = (
				F72B831D1D5CAD1F0054AE40 /* DPDraggableButton */,
				F730EAFC1D59C5980053B5BF /* AppDelegate.swift */,
				F730EAFE1D59C5980053B5BF /* ViewController.swift */,
				F730EB001D59C5980053B5BF /* Main.storyboard */,
				F730EB031D59C5980053B5BF /* Assets.xcassets */,
				F730EB051D59C5980053B5BF /* LaunchScreen.storyboard */,
				F730EB081D59C5980053B5BF /* Info.plist */,
			);
			path = DPDraggableButtonDemo;
			sourceTree = "<group>";
		};
/* End PBXGroup section */

/* Begin PBXNativeTarget section */
		F730EAF81D59C5980053B5BF /* DPDraggableButtonDemo */ = {
			isa = PBXNativeTarget;
			buildConfigurationList = F730EB0B1D59C5980053B5BF /* Build configuration list for PBXNativeTarget "DPDraggableButtonDemo" */;
			buildPhases = (
				F730EAF51D59C5980053B5BF /* Sources */,
				F730EAF61D59C5980053B5BF /* Frameworks */,
				F730EAF71D59C5980053B5BF /* Resources */,
			);
			buildRules = (
			);
			dependencies = (
			);
			name = DPDraggableButtonDemo;
			productName = DPDraggableButtonDemo;
			productReference = F730EAF91D59C5980053B5BF /* DPDraggableButtonDemo.app */;
			productType = "com.apple.product-type.application";
		};
/* End PBXNativeTarget section */

/* Begin PBXProject section */
		F730EAF11D59C5980053B5BF /* Project object */ = {
			isa = PBXProject;
			attributes = {
				LastSwiftUpdateCheck = 0730;
				LastUpgradeCheck = 0730;
				ORGANIZATIONNAME = "Hongli Yu";
				TargetAttributes = {
					F730EAF81D59C5980053B5BF = {
						CreatedOnToolsVersion = 7.3.1;
					};
				};
			};
			buildConfigurationList = F730EAF41D59C5980053B5BF /* Build configuration list for PBXProject "DPDraggableButtonDemo" */;
			compatibilityVersion = "Xcode 3.2";
			developmentRegion = English;
			hasScannedForEncodings = 0;
			knownRegions = (
				en,
				Base,
			);
			mainGroup = F730EAF01D59C5980053B5BF;
			productRefGroup = F730EAFA1D59C5980053B5BF /* Products */;
			projectDirPath = "";
			projectRoot = "";
			targets = (
				F730EAF81D59C5980053B5BF /* DPDraggableButtonDemo */,
			);
		};
/* End PBXProject section */

/* Begin PBXResourcesBuildPhase section */
		F730EAF71D59C5980053B5BF /* Resources */ = {
			isa = PBXResourcesBuildPhase;
			buildActionMask = 2147483647;
			files = (
				F730EB071D59C5980053B5BF /* LaunchScreen.storyboard in Resources */,
				F730EB041D59C5980053B5BF /* Assets.xcassets in Resources */,
				F730EB021D59C5980053B5BF /* Main.storyboard in Resources */,
			);
			runOnlyForDeploymentPostprocessing = 0;
		};
/* End PBXResourcesBuildPhase section */

/* Begin PBXSourcesBuildPhase section */
		F730EAF51D59C5980053B5BF /* Sources */ = {
			isa = PBXSourcesBuildPhase;
			buildActionMask = 2147483647;
			files = (
				F730EAFF1D59C5980053B5BF /* ViewController.swift in Sources */,
				F730EAFD1D59C5980053B5BF /* AppDelegate.swift in Sources */,
				F72B831F1D5CAD1F0054AE40 /* DPDraggableButton.swift in Sources */,
			);
			runOnlyForDeploymentPostprocessing = 0;
		};
/* End PBXSourcesBuildPhase section */

/* Begin PBXVariantGroup section */
		F730EB001D59C5980053B5BF /* Main.storyboard */ = {
			isa = PBXVariantGroup;
			children = (
				F730EB011D59C5980053B5BF /* Base */,
			);
			name = Main.storyboard;
			sourceTree = "<group>";
		};
		F730EB051D59C5980053B5BF /* LaunchScreen.storyboard */ = {
			isa = PBXVariantGroup;
			children = (
				F730EB061D59C5980053B5BF /* Base */,
			);
			name = LaunchScreen.storyboard;
			sourceTree = "<group>";
		};
/* End PBXVariantGroup section */

/* Begin XCBuildConfiguration section */
		F730EB091D59C5980053B5BF /* Debug */ = {
			isa = XCBuildConfiguration;
			buildSettings = {
				ALWAYS_SEARCH_USER_PATHS = NO;
				CLANG_ANALYZER_NONNULL = YES;
				CLANG_CXX_LANGUAGE_STANDARD = "gnu++0x";
				CLANG_CXX_LIBRARY = "libc++";
				CLANG_ENABLE_MODULES = YES;
				CLANG_ENABLE_OBJC_ARC = YES;
				CLANG_WARN_BOOL_CONVERSION = YES;
				CLANG_WARN_CONSTANT_CONVERSION = YES;
				CLANG_WARN_DIRECT_OBJC_ISA_USAGE = YES_ERROR;
				CLANG_WARN_EMPTY_BODY = YES;
				CLANG_WARN_ENUM_CONVERSION = YES;
				CLANG_WARN_INT_CONVERSION = YES;
				CLANG_WARN_OBJC_ROOT_CLASS = YES_ERROR;
				CLANG_WARN_UNREACHABLE_CODE = YES;
				CLANG_WARN__DUPLICATE_METHOD_MATCH = YES;
				"CODE_SIGN_IDENTITY[sdk=iphoneos*]" = "iPhone Developer";
				COPY_PHASE_STRIP = NO;
				DEBUG_INFORMATION_FORMAT = dwarf;
				ENABLE_STRICT_OBJC_MSGSEND = YES;
				ENABLE_TESTABILITY = YES;
				GCC_C_LANGUAGE_STANDARD = gnu99;
				GCC_DYNAMIC_NO_PIC = NO;
				GCC_NO_COMMON_BLOCKS = YES;
				GCC_OPTIMIZATION_LEVEL = 0;
				GCC_PREPROCESSOR_DEFINITIONS = (
					"DEBUG=1",
					"$(inherited)",
				);
				GCC_WARN_64_TO_32_BIT_CONVERSION = YES;
				GCC_WARN_ABOUT_RETURN_TYPE = YES_ERROR;
				GCC_WARN_UNDECLARED_SELECTOR = YES;
				GCC_WARN_UNINITIALIZED_AUTOS = YES_AGGRESSIVE;
				GCC_WARN_UNUSED_FUNCTION = YES;
				GCC_WARN_UNUSED_VARIABLE = YES;
				IPHONEOS_DEPLOYMENT_TARGET = 9.3;
				MTL_ENABLE_DEBUG_INFO = YES;
				ONLY_ACTIVE_ARCH = YES;
				SDKROOT = iphoneos;
				SWIFT_OPTIMIZATION_LEVEL = "-Onone";
			};
			name = Debug;
		};
		F730EB0A1D59C5980053B5BF /* Release */ = {
			isa = XCBuildConfiguration;
			buildSettings = {
				ALWAYS_SEARCH_USER_PATHS = NO;
				CLANG_ANALYZER_NONNULL = YES;
				CLANG_CXX_LANGUAGE_STANDARD = "gnu++0x";
				CLANG_CXX_LIBRARY = "libc++";
				CLANG_ENABLE_MODULES = YES;
				CLANG_ENABLE_OBJC_ARC = YES;
				CLANG_WARN_BOOL_CONVERSION = YES;
				CLANG_WARN_CONSTANT_CONVERSION = YES;
				CLANG_WARN_DIRECT_OBJC_ISA_USAGE = YES_ERROR;
				CLANG_WARN_EMPTY_BODY = YES;
				CLANG_WARN_ENUM_CONVERSION = YES;
				CLANG_WARN_INT_CONVERSION = YES;
				CLANG_WARN_OBJC_ROOT_CLASS = YES_ERROR;
				CLANG_WARN_UNREACHABLE_CODE = YES;
				CLANG_WARN__DUPLICATE_METHOD_MATCH = YES;
				"CODE_SIGN_IDENTITY[sdk=iphoneos*]" = "iPhone Developer";
				COPY_PHASE_STRIP = NO;
				DEBUG_INFORMATION_FORMAT = "dwarf-with-dsym";
				ENABLE_NS_ASSERTIONS = NO;
				ENABLE_STRICT_OBJC_MSGSEND = YES;
				GCC_C_LANGUAGE_STANDARD = gnu99;
				GCC_NO_COMMON_BLOCKS = YES;
				GCC_WARN_64_TO_32_BIT_CONVERSION = YES;
				GCC_WARN_ABOUT_RETURN_TYPE = YES_ERROR;
				GCC_WARN_UNDECLARED_SELECTOR = YES;
				GCC_WARN_UNINITIALIZED_AUTOS = YES_AGGRESSIVE;
				GCC_WARN_UNUSED_FUNCTION = YES;
				GCC_WARN_UNUSED_VARIABLE = YES;
				IPHONEOS_DEPLOYMENT_TARGET = 9.3;
				MTL_ENABLE_DEBUG_INFO = NO;
				SDKROOT = iphoneos;
				VALIDATE_PRODUCT = YES;
			};
			name = Release;
		};
		F730EB0C1D59C5980053B5BF /* Debug */ = {
			isa = XCBuildConfiguration;
			buildSettings = {
				ASSETCATALOG_COMPILER_APPICON_NAME = AppIcon;
				INFOPLIST_FILE = DPDraggableButtonDemo/Info.plist;
				LD_RUNPATH_SEARCH_PATHS = "$(inherited) @executable_path/Frameworks";
				PRODUCT_BUNDLE_IDENTIFIER = cn.hlyu.DPDraggableButtonDemo;
				PRODUCT_NAME = "$(TARGET_NAME)";
			};
			name = Debug;
		};
		F730EB0D1D59C5980053B5BF /* Release */ = {
			isa = XCBuildConfiguration;
			buildSettings = {
				ASSETCATALOG_COMPILER_APPICON_NAME = AppIcon;
				INFOPLIST_FILE = DPDraggableButtonDemo/Info.plist;
				LD_RUNPATH_SEARCH_PATHS = "$(inherited) @executable_path/Frameworks";
				PRODUCT_BUNDLE_IDENTIFIER = cn.hlyu.DPDraggableButtonDemo;
				PRODUCT_NAME = "$(TARGET_NAME)";
			};
			name = Release;
		};
/* End XCBuildConfiguration section */

/* Begin XCConfigurationList section */
		F730EAF41D59C5980053B5BF /* Build configuration list for PBXProject "DPDraggableButtonDemo" */ = {
			isa = XCConfigurationList;
			buildConfigurations = (
				F730EB091D59C5980053B5BF /* Debug */,
				F730EB0A1D59C5980053B5BF /* Release */,
			);
			defaultConfigurationIsVisible = 0;
			defaultConfigurationName = Release;
		};
		F730EB0B1D59C5980053B5BF /* Build configuration list for PBXNativeTarget "DPDraggableButtonDemo" */ = {
			isa = XCConfigurationList;
			buildConfigurations = (
				F730EB0C1D59C5980053B5BF /* Debug */,
				F730EB0D1D59C5980053B5BF /* Release */,
			);
			defaultConfigurationIsVisible = 0;
			defaultConfigurationName = Release;
		};
/* End XCConfigurationList section */
	};
	rootObject = F730EAF11D59C5980053B5BF /* Project object */;
}
